
Microsoft Visual Studio Solution File, Format Version 12.00
# Visual Studio Version 17
VisualStudioVersion = 17.8.34330.188
MinimumVisualStudioVersion = 10.0.40219.1
Project("{9A19103F-16F7-4668-BE54-9A1E7A4F7556}") = "SlamCodeBlog.InterceptorsAsInvariants", "SlamCodeBlog.InterceptorsAsInvariants\SlamCodeBlog.InterceptorsAsInvariants.csproj", "{26263411-1732-4AFA-9A29-F2D18D2FD337}"
EndProject
Project("{FAE04EC0-301F-11D3-BF4B-00C04F79EFBC}") = "SlamCodeBlog.Generators.Invariants", "SlamCodeBlog.Generators.Invariants\SlamCodeBlog.Generators.Invariants.csproj", "{5E2D886E-6779-4703-9F77-DBF74CF3F8B2}"
EndProject
Project("{FAE04EC0-301F-11D3-BF4B-00C04F79EFBC}") = "SlamCodeBlog.Invariants", "SlamCodeBlog.Invariants\SlamCodeBlog.Invariants.csproj", "{C9F3E3EF-DD26-47F2-833A-C88768799D93}"
EndProject
Global
	GlobalSection(SolutionConfigurationPlatforms) = preSolution
		Debug|Any CPU = Debug|Any CPU
		Release|Any CPU = Release|Any CPU
	EndGlobalSection
	GlobalSection(ProjectConfigurationPlatforms) = postSolution
		{26263411-1732-4AFA-9A29-F2D18D2FD337}.Debug|Any CPU.ActiveCfg = Debug|Any CPU
		{26263411-1732-4AFA-9A29-F2D18D2FD337}.Debug|Any CPU.Build.0 = Debug|Any CPU
		{26263411-1732-4AFA-9A29-F2D18D2FD337}.Release|Any CPU.ActiveCfg = Release|Any CPU
		{26263411-1732-4AFA-9A29-F2D18D2FD337}.Release|Any CPU.Build.0 = Release|Any CPU
		{5E2D886E-6779-4703-9F77-DBF74CF3F8B2}.Debug|Any CPU.ActiveCfg = Debug|Any CPU
		{5E2D886E-6779-4703-9F77-DBF74CF3F8B2}.Debug|Any CPU.Build.0 = Debug|Any CPU
		{5E2D886E-6779-4703-9F77-DBF74CF3F8B2}.Release|Any CPU.ActiveCfg = Release|Any CPU
		{5E2D886E-6779-4703-9F77-DBF74CF3F8B2}.Release|Any CPU.Build.0 = Release|Any CPU
		{C9F3E3EF-DD26-47F2-833A-C88768799D93}.Debug|Any CPU.ActiveCfg = Debug|Any CPU
		{C9F3E3EF-DD26-47F2-833A-C88768799D93}.Debug|Any CPU.Build.0 = Debug|Any CPU
		{C9F3E3EF-DD26-47F2-833A-C88768799D93}.Release|Any CPU.ActiveCfg = Release|Any CPU
		{C9F3E3EF-DD26-47F2-833A-C88768799D93}.Release|Any CPU.Build.0 = Release|Any CPU
	EndGlobalSection
	GlobalSection(SolutionProperties) = preSolution
		HideSolutionNode = FALSE
	EndGlobalSection
	GlobalSection(ExtensibilityGlobals) = postSolution
		SolutionGuid = {46AB70D6-5E5A-4FF6-BDBC-A9E0A347E3EA}
	EndGlobalSection
EndGlobal
